
Microsoft Visual Studio Solution File, Format Version 12.00
# Visual Studio 2012
Project("{8BC9CEB8-8B4A-11D0-8D11-00A0C91BC942}") = "CarRacingGameGraphics", "CarRacingGameGraphics\CarRacingGameGraphics.vcxproj", "{4C30F44A-50D7-49C6-BDEE-2E37077A822E}"
EndProject
Global
	GlobalSection(SolutionConfigurationPlatforms) = preSolution
		Debug|Win32 = Debug|Win32
		Release|Win32 = Release|Win32
	EndGlobalSection
	GlobalSection(ProjectConfigurationPlatforms) = postSolution
		{4C30F44A-50D7-49C6-BDEE-2E37077A822E}.Debug|Win32.ActiveCfg = Debug|Win32
		{4C30F44A-50D7-49C6-BDEE-2E37077A822E}.Debug|Win32.Build.0 = Debug|Win32
		{4C30F44A-50D7-49C6-BDEE-2E37077A822E}.Release|Win32.ActiveCfg = Release|Win32
		{4C30F44A-50D7-49C6-BDEE-2E37077A822E}.Release|Win32.Build.0 = Release|Win32
	EndGlobalSection
	GlobalSection(SolutionProperties) = preSolution
		HideSolutionNode = FALSE
	EndGlobalSection
EndGlobal
